
Microsoft Visual Studio Solution File, Format Version 12.00
# Visual Studio Version 17
VisualStudioVersion = 17.10.35013.160
MinimumVisualStudioVersion = 10.0.40219.1
Project("{FAE04EC0-301F-11D3-BF4B-00C04F79EFBC}") = "C43-G05-ADV04", "C43-G05-ADV04\C43-G05-ADV04.csproj", "{6685AE4E-DC04-4CFE-8EB8-22EE49E90263}"
EndProject
Global
	GlobalSection(SolutionConfigurationPlatforms) = preSolution
		Debug|Any CPU = Debug|Any CPU
		Release|Any CPU = Release|Any CPU
	EndGlobalSection
	GlobalSection(ProjectConfigurationPlatforms) = postSolution
		{6685AE4E-DC04-4CFE-8EB8-22EE49E90263}.Debug|Any CPU.ActiveCfg = Debug|Any CPU
		{6685AE4E-DC04-4CFE-8EB8-22EE49E90263}.Debug|Any CPU.Build.0 = Debug|Any CPU
		{6685AE4E-DC04-4CFE-8EB8-22EE49E90263}.Release|Any CPU.ActiveCfg = Release|Any CPU
		{6685AE4E-DC04-4CFE-8EB8-22EE49E90263}.Release|Any CPU.Build.0 = Release|Any CPU
	EndGlobalSection
	GlobalSection(SolutionProperties) = preSolution
		HideSolutionNode = FALSE
	EndGlobalSection
	GlobalSection(ExtensibilityGlobals) = postSolution
		SolutionGuid = {EFA8A394-CBC0-42A5-A483-E2E0302A2D7C}
	EndGlobalSection
EndGlobal
